
Microsoft Visual Studio Solution File, Format Version 12.00
# Visual Studio Version 17
VisualStudioVersion = 17.0.32002.185
MinimumVisualStudioVersion = 10.0.40219.1
Project("{FAE04EC0-301F-11D3-BF4B-00C04F79EFBC}") = "stajyertakip", "stajyertakip\stajyertakip.csproj", "{034D886A-BFBA-4BF5-ADD7-0E6DBE43D335}"
EndProject
Global
	GlobalSection(SolutionConfigurationPlatforms) = preSolution
		Debug|Any CPU = Debug|Any CPU
		Release|Any CPU = Release|Any CPU
	EndGlobalSection
	GlobalSection(ProjectConfigurationPlatforms) = postSolution
		{034D886A-BFBA-4BF5-ADD7-0E6DBE43D335}.Debug|Any CPU.ActiveCfg = Debug|Any CPU
		{034D886A-BFBA-4BF5-ADD7-0E6DBE43D335}.Debug|Any CPU.Build.0 = Debug|Any CPU
		{034D886A-BFBA-4BF5-ADD7-0E6DBE43D335}.Release|Any CPU.ActiveCfg = Release|Any CPU
		{034D886A-BFBA-4BF5-ADD7-0E6DBE43D335}.Release|Any CPU.Build.0 = Release|Any CPU
	EndGlobalSection
	GlobalSection(SolutionProperties) = preSolution
		HideSolutionNode = FALSE
	EndGlobalSection
	GlobalSection(ExtensibilityGlobals) = postSolution
		SolutionGuid = {1D105518-DCDE-424F-83E8-C94D9D2BAFAC}
	EndGlobalSection
EndGlobal
